
Microsoft Visual Studio Solution File, Format Version 12.00
# Visual Studio Version 17
VisualStudioVersion = 17.6.33829.357
MinimumVisualStudioVersion = 10.0.40219.1
Project("{9A19103F-16F7-4668-BE54-9A1E7A4F7556}") = "CountriesForEveryone.Server", "CountriesForEveryone\CountriesForEveryone.Server.csproj", "{09E1378E-07D4-4670-B918-E7F033E131EF}"
EndProject
Project("{9A19103F-16F7-4668-BE54-9A1E7A4F7556}") = "CountriesForEveryone.Core", "CountriesForEveryone.Core\CountriesForEveryone.Core.csproj", "{FB80BB27-103A-4854-AD74-A5E86E0248C5}"
EndProject
Project("{9A19103F-16F7-4668-BE54-9A1E7A4F7556}") = "CountriesForEveryone.Service", "CountriesForEveryone.Service\CountriesForEveryone.Service.csproj", "{8D9FCA30-E798-411A-B609-1F14D3BB40C0}"
EndProject
Project("{9A19103F-16F7-4668-BE54-9A1E7A4F7556}") = "CountriesForEveryone.Adapter", "CountriesForEveryone.Adapter\CountriesForEveryone.Adapter.csproj", "{ABD2797E-1811-4D2D-BBA8-FC934B5214B4}"
EndProject
Project("{9A19103F-16F7-4668-BE54-9A1E7A4F7556}") = "CountriesForEveryone.Shared", "CountriesForEveryone.Shared\CountriesForEveryone.Shared.csproj", "{3B5E3ED7-C32B-4031-AEA8-95FF6AFCA2E0}"
EndProject
Project("{2150E333-8FDC-42A3-9474-1A3956D46DE8}") = "Solution Items", "Solution Items", "{E612DBBD-08E4-4E2D-8697-FB6B1A08E1AA}"
	ProjectSection(SolutionItems) = preProject
		.editorconfig = .editorconfig
	EndProjectSection
EndProject
Global
	GlobalSection(SolutionConfigurationPlatforms) = preSolution
		Debug|Any CPU = Debug|Any CPU
		Release|Any CPU = Release|Any CPU
	EndGlobalSection
	GlobalSection(ProjectConfigurationPlatforms) = postSolution
		{09E1378E-07D4-4670-B918-E7F033E131EF}.Debug|Any CPU.ActiveCfg = Debug|Any CPU
		{09E1378E-07D4-4670-B918-E7F033E131EF}.Debug|Any CPU.Build.0 = Debug|Any CPU
		{09E1378E-07D4-4670-B918-E7F033E131EF}.Release|Any CPU.ActiveCfg = Release|Any CPU
		{09E1378E-07D4-4670-B918-E7F033E131EF}.Release|Any CPU.Build.0 = Release|Any CPU
		{FB80BB27-103A-4854-AD74-A5E86E0248C5}.Debug|Any CPU.ActiveCfg = Debug|Any CPU
		{FB80BB27-103A-4854-AD74-A5E86E0248C5}.Debug|Any CPU.Build.0 = Debug|Any CPU
		{FB80BB27-103A-4854-AD74-A5E86E0248C5}.Release|Any CPU.ActiveCfg = Release|Any CPU
		{FB80BB27-103A-4854-AD74-A5E86E0248C5}.Release|Any CPU.Build.0 = Release|Any CPU
		{8D9FCA30-E798-411A-B609-1F14D3BB40C0}.Debug|Any CPU.ActiveCfg = Debug|Any CPU
		{8D9FCA30-E798-411A-B609-1F14D3BB40C0}.Debug|Any CPU.Build.0 = Debug|Any CPU
		{8D9FCA30-E798-411A-B609-1F14D3BB40C0}.Release|Any CPU.ActiveCfg = Release|Any CPU
		{8D9FCA30-E798-411A-B609-1F14D3BB40C0}.Release|Any CPU.Build.0 = Release|Any CPU
		{ABD2797E-1811-4D2D-BBA8-FC934B5214B4}.Debug|Any CPU.ActiveCfg = Debug|Any CPU
		{ABD2797E-1811-4D2D-BBA8-FC934B5214B4}.Debug|Any CPU.Build.0 = Debug|Any CPU
		{ABD2797E-1811-4D2D-BBA8-FC934B5214B4}.Release|Any CPU.ActiveCfg = Release|Any CPU
		{ABD2797E-1811-4D2D-BBA8-FC934B5214B4}.Release|Any CPU.Build.0 = Release|Any CPU
		{3B5E3ED7-C32B-4031-AEA8-95FF6AFCA2E0}.Debug|Any CPU.ActiveCfg = Debug|Any CPU
		{3B5E3ED7-C32B-4031-AEA8-95FF6AFCA2E0}.Debug|Any CPU.Build.0 = Debug|Any CPU
		{3B5E3ED7-C32B-4031-AEA8-95FF6AFCA2E0}.Release|Any CPU.ActiveCfg = Release|Any CPU
		{3B5E3ED7-C32B-4031-AEA8-95FF6AFCA2E0}.Release|Any CPU.Build.0 = Release|Any CPU
	EndGlobalSection
	GlobalSection(SolutionProperties) = preSolution
		HideSolutionNode = FALSE
	EndGlobalSection
	GlobalSection(ExtensibilityGlobals) = postSolution
		SolutionGuid = {DF5B0EA3-A2BE-4865-BCA8-11B3BEFEAAB1}
	EndGlobalSection
EndGlobal
